
Microsoft Visual Studio Solution File, Format Version 12.00
# Visual Studio 15
VisualStudioVersion = 15.0.28307.106
MinimumVisualStudioVersion = 10.0.40219.1
Project("{FAE04EC0-301F-11D3-BF4B-00C04F79EFBC}") = "BuildChat.Android", "BuildChat\BuildChat.Android\BuildChat.Android.csproj", "{337DF575-D242-41D3-ABB9-011457C950A5}"
EndProject
Project("{FAE04EC0-301F-11D3-BF4B-00C04F79EFBC}") = "BuildChat.iOS", "BuildChat\BuildChat.iOS\BuildChat.iOS.csproj", "{302DEBF1-68D3-45A7-9407-CD7D7B887D7C}"
EndProject
Project("{FAE04EC0-301F-11D3-BF4B-00C04F79EFBC}") = "BuildChat", "BuildChat\BuildChat\BuildChat.csproj", "{DE8BB608-918C-45C3-900C-6767B92FB45D}"
EndProject
Global
	GlobalSection(SolutionConfigurationPlatforms) = preSolution
		Ad-Hoc|Any CPU = Ad-Hoc|Any CPU
		Ad-Hoc|iPhone = Ad-Hoc|iPhone
		Ad-Hoc|iPhoneSimulator = Ad-Hoc|iPhoneSimulator
		AppStore|Any CPU = AppStore|Any CPU
		AppStore|iPhone = AppStore|iPhone
		AppStore|iPhoneSimulator = AppStore|iPhoneSimulator
		Debug|Any CPU = Debug|Any CPU
		Debug|iPhone = Debug|iPhone
		Debug|iPhoneSimulator = Debug|iPhoneSimulator
		Release|Any CPU = Release|Any CPU
		Release|iPhone = Release|iPhone
		Release|iPhoneSimulator = Release|iPhoneSimulator
	EndGlobalSection
	GlobalSection(ProjectConfigurationPlatforms) = postSolution
		{337DF575-D242-41D3-ABB9-011457C950A5}.Ad-Hoc|Any CPU.ActiveCfg = Release|Any CPU
		{337DF575-D242-41D3-ABB9-011457C950A5}.Ad-Hoc|Any CPU.Build.0 = Release|Any CPU
		{337DF575-D242-41D3-ABB9-011457C950A5}.Ad-Hoc|Any CPU.Deploy.0 = Release|Any CPU
		{337DF575-D242-41D3-ABB9-011457C950A5}.Ad-Hoc|iPhone.ActiveCfg = Release|Any CPU
		{337DF575-D242-41D3-ABB9-011457C950A5}.Ad-Hoc|iPhone.Build.0 = Release|Any CPU
		{337DF575-D242-41D3-ABB9-011457C950A5}.Ad-Hoc|iPhone.Deploy.0 = Release|Any CPU
		{337DF575-D242-41D3-ABB9-011457C950A5}.Ad-Hoc|iPhoneSimulator.ActiveCfg = Release|Any CPU
		{337DF575-D242-41D3-ABB9-011457C950A5}.Ad-Hoc|iPhoneSimulator.Build.0 = Release|Any CPU
		{337DF575-D242-41D3-ABB9-011457C950A5}.Ad-Hoc|iPhoneSimulator.Deploy.0 = Release|Any CPU
		{337DF575-D242-41D3-ABB9-011457C950A5}.AppStore|Any CPU.ActiveCfg = Release|Any CPU
		{337DF575-D242-41D3-ABB9-011457C950A5}.AppStore|Any CPU.Build.0 = Release|Any CPU
		{337DF575-D242-41D3-ABB9-011457C950A5}.AppStore|Any CPU.Deploy.0 = Release|Any CPU
		{337DF575-D242-41D3-ABB9-011457C950A5}.AppStore|iPhone.ActiveCfg = Release|Any CPU
		{337DF575-D242-41D3-ABB9-011457C950A5}.AppStore|iPhone.Build.0 = Release|Any CPU
		{337DF575-D242-41D3-ABB9-011457C950A5}.AppStore|iPhone.Deploy.0 = Release|Any CPU
		{337DF575-D242-41D3-ABB9-011457C950A5}.AppStore|iPhoneSimulator.ActiveCfg = Release|Any CPU
		{337DF575-D242-41D3-ABB9-011457C950A5}.AppStore|iPhoneSimulator.Build.0 = Release|Any CPU
		{337DF575-D242-41D3-ABB9-011457C950A5}.AppStore|iPhoneSimulator.Deploy.0 = Release|Any CPU
		{337DF575-D242-41D3-ABB9-011457C950A5}.Debug|Any CPU.ActiveCfg = Debug|Any CPU
		{337DF575-D242-41D3-ABB9-011457C950A5}.Debug|Any CPU.Build.0 = Debug|Any CPU
		{337DF575-D242-41D3-ABB9-011457C950A5}.Debug|Any CPU.Deploy.0 = Debug|Any CPU
		{337DF575-D242-41D3-ABB9-011457C950A5}.Debug|iPhone.ActiveCfg = Debug|Any CPU
		{337DF575-D242-41D3-ABB9-011457C950A5}.Debug|iPhone.Build.0 = Debug|Any CPU
		{337DF575-D242-41D3-ABB9-011457C950A5}.Debug|iPhone.Deploy.0 = Debug|Any CPU
		{337DF575-D242-41D3-ABB9-011457C950A5}.Debug|iPhoneSimulator.ActiveCfg = Debug|Any CPU
		{337DF575-D242-41D3-ABB9-011457C950A5}.Debug|iPhoneSimulator.Build.0 = Debug|Any CPU
		{337DF575-D242-41D3-ABB9-011457C950A5}.Debug|iPhoneSimulator.Deploy.0 = Debug|Any CPU
		{337DF575-D242-41D3-ABB9-011457C950A5}.Release|Any CPU.ActiveCfg = Release|Any CPU
		{337DF575-D242-41D3-ABB9-011457C950A5}.Release|Any CPU.Build.0 = Release|Any CPU
		{337DF575-D242-41D3-ABB9-011457C950A5}.Release|Any CPU.Deploy.0 = Release|Any CPU
		{337DF575-D242-41D3-ABB9-011457C950A5}.Release|iPhone.ActiveCfg = Release|Any CPU
		{337DF575-D242-41D3-ABB9-011457C950A5}.Release|iPhone.Build.0 = Release|Any CPU
		{337DF575-D242-41D3-ABB9-011457C950A5}.Release|iPhone.Deploy.0 = Release|Any CPU
		{337DF575-D242-41D3-ABB9-011457C950A5}.Release|iPhoneSimulator.ActiveCfg = Release|Any CPU
		{337DF575-D242-41D3-ABB9-011457C950A5}.Release|iPhoneSimulator.Build.0 = Release|Any CPU
		{337DF575-D242-41D3-ABB9-011457C950A5}.Release|iPhoneSimulator.Deploy.0 = Release|Any CPU
		{302DEBF1-68D3-45A7-9407-CD7D7B887D7C}.Ad-Hoc|Any CPU.ActiveCfg = Ad-Hoc|iPhone
		{302DEBF1-68D3-45A7-9407-CD7D7B887D7C}.Ad-Hoc|Any CPU.Build.0 = Ad-Hoc|iPhone
		{302DEBF1-68D3-45A7-9407-CD7D7B887D7C}.Ad-Hoc|Any CPU.Deploy.0 = Ad-Hoc|iPhone
		{302DEBF1-68D3-45A7-9407-CD7D7B887D7C}.Ad-Hoc|iPhone.ActiveCfg = Ad-Hoc|iPhone
		{302DEBF1-68D3-45A7-9407-CD7D7B887D7C}.Ad-Hoc|iPhone.Build.0 = Ad-Hoc|iPhone
		{302DEBF1-68D3-45A7-9407-CD7D7B887D7C}.Ad-Hoc|iPhone.Deploy.0 = Ad-Hoc|iPhone
		{302DEBF1-68D3-45A7-9407-CD7D7B887D7C}.Ad-Hoc|iPhoneSimulator.ActiveCfg = Ad-Hoc|iPhoneSimulator
		{302DEBF1-68D3-45A7-9407-CD7D7B887D7C}.Ad-Hoc|iPhoneSimulator.Build.0 = Ad-Hoc|iPhoneSimulator
		{302DEBF1-68D3-45A7-9407-CD7D7B887D7C}.Ad-Hoc|iPhoneSimulator.Deploy.0 = Ad-Hoc|iPhoneSimulator
		{302DEBF1-68D3-45A7-9407-CD7D7B887D7C}.AppStore|Any CPU.ActiveCfg = AppStore|iPhone
		{302DEBF1-68D3-45A7-9407-CD7D7B887D7C}.AppStore|Any CPU.Build.0 = AppStore|iPhone
		{302DEBF1-68D3-45A7-9407-CD7D7B887D7C}.AppStore|Any CPU.Deploy.0 = AppStore|iPhone
		{302DEBF1-68D3-45A7-9407-CD7D7B887D7C}.AppStore|iPhone.ActiveCfg = AppStore|iPhone
		{302DEBF1-68D3-45A7-9407-CD7D7B887D7C}.AppStore|iPhone.Build.0 = AppStore|iPhone
		{302DEBF1-68D3-45A7-9407-CD7D7B887D7C}.AppStore|iPhone.Deploy.0 = AppStore|iPhone
		{302DEBF1-68D3-45A7-9407-CD7D7B887D7C}.AppStore|iPhoneSimulator.ActiveCfg = AppStore|iPhoneSimulator
		{302DEBF1-68D3-45A7-9407-CD7D7B887D7C}.AppStore|iPhoneSimulator.Build.0 = AppStore|iPhoneSimulator
		{302DEBF1-68D3-45A7-9407-CD7D7B887D7C}.AppStore|iPhoneSimulator.Deploy.0 = AppStore|iPhoneSimulator
		{302DEBF1-68D3-45A7-9407-CD7D7B887D7C}.Debug|Any CPU.ActiveCfg = Debug|iPhoneSimulator
		{302DEBF1-68D3-45A7-9407-CD7D7B887D7C}.Debug|Any CPU.Build.0 = Debug|iPhoneSimulator
		{302DEBF1-68D3-45A7-9407-CD7D7B887D7C}.Debug|Any CPU.Deploy.0 = Debug|iPhoneSimulator
		{302DEBF1-68D3-45A7-9407-CD7D7B887D7C}.Debug|iPhone.ActiveCfg = Debug|iPhone
		{302DEBF1-68D3-45A7-9407-CD7D7B887D7C}.Debug|iPhone.Build.0 = Debug|iPhone
		{302DEBF1-68D3-45A7-9407-CD7D7B887D7C}.Debug|iPhone.Deploy.0 = Debug|iPhone
		{302DEBF1-68D3-45A7-9407-CD7D7B887D7C}.Debug|iPhoneSimulator.ActiveCfg = Debug|iPhoneSimulator
		{302DEBF1-68D3-45A7-9407-CD7D7B887D7C}.Debug|iPhoneSimulator.Build.0 = Debug|iPhoneSimulator
		{302DEBF1-68D3-45A7-9407-CD7D7B887D7C}.Debug|iPhoneSimulator.Deploy.0 = Debug|iPhoneSimulator
		{302DEBF1-68D3-45A7-9407-CD7D7B887D7C}.Release|Any CPU.ActiveCfg = Release|iPhone
		{302DEBF1-68D3-45A7-9407-CD7D7B887D7C}.Release|Any CPU.Build.0 = Release|iPhone
		{302DEBF1-68D3-45A7-9407-CD7D7B887D7C}.Release|Any CPU.Deploy.0 = Release|iPhone
		{302DEBF1-68D3-45A7-9407-CD7D7B887D7C}.Release|iPhone.ActiveCfg = Release|iPhone
		{302DEBF1-68D3-45A7-9407-CD7D7B887D7C}.Release|iPhone.Build.0 = Release|iPhone
		{302DEBF1-68D3-45A7-9407-CD7D7B887D7C}.Release|iPhone.Deploy.0 = Release|iPhone
		{302DEBF1-68D3-45A7-9407-CD7D7B887D7C}.Release|iPhoneSimulator.ActiveCfg = Release|iPhoneSimulator
		{302DEBF1-68D3-45A7-9407-CD7D7B887D7C}.Release|iPhoneSimulator.Build.0 = Release|iPhoneSimulator
		{302DEBF1-68D3-45A7-9407-CD7D7B887D7C}.Release|iPhoneSimulator.Deploy.0 = Release|iPhoneSimulator
		{DE8BB608-918C-45C3-900C-6767B92FB45D}.Ad-Hoc|Any CPU.ActiveCfg = Debug|Any CPU
		{DE8BB608-918C-45C3-900C-6767B92FB45D}.Ad-Hoc|Any CPU.Build.0 = Debug|Any CPU
		{DE8BB608-918C-45C3-900C-6767B92FB45D}.Ad-Hoc|Any CPU.Deploy.0 = Debug|Any CPU
		{DE8BB608-918C-45C3-900C-6767B92FB45D}.Ad-Hoc|iPhone.ActiveCfg = Debug|Any CPU
		{DE8BB608-918C-45C3-900C-6767B92FB45D}.Ad-Hoc|iPhone.Build.0 = Debug|Any CPU
		{DE8BB608-918C-45C3-900C-6767B92FB45D}.Ad-Hoc|iPhone.Deploy.0 = Debug|Any CPU
		{DE8BB608-918C-45C3-900C-6767B92FB45D}.Ad-Hoc|iPhoneSimulator.ActiveCfg = Debug|Any CPU
		{DE8BB608-918C-45C3-900C-6767B92FB45D}.Ad-Hoc|iPhoneSimulator.Build.0 = Debug|Any CPU
		{DE8BB608-918C-45C3-900C-6767B92FB45D}.Ad-Hoc|iPhoneSimulator.Deploy.0 = Debug|Any CPU
		{DE8BB608-918C-45C3-900C-6767B92FB45D}.AppStore|Any CPU.ActiveCfg = Debug|Any CPU
		{DE8BB608-918C-45C3-900C-6767B92FB45D}.AppStore|Any CPU.Build.0 = Debug|Any CPU
		{DE8BB608-918C-45C3-900C-6767B92FB45D}.AppStore|Any CPU.Deploy.0 = Debug|Any CPU
		{DE8BB608-918C-45C3-900C-6767B92FB45D}.AppStore|iPhone.ActiveCfg = Debug|Any CPU
		{DE8BB608-918C-45C3-900C-6767B92FB45D}.AppStore|iPhone.Build.0 = Debug|Any CPU
		{DE8BB608-918C-45C3-900C-6767B92FB45D}.AppStore|iPhone.Deploy.0 = Debug|Any CPU
		{DE8BB608-918C-45C3-900C-6767B92FB45D}.AppStore|iPhoneSimulator.ActiveCfg = Debug|Any CPU
		{DE8BB608-918C-45C3-900C-6767B92FB45D}.AppStore|iPhoneSimulator.Build.0 = Debug|Any CPU
		{DE8BB608-918C-45C3-900C-6767B92FB45D}.AppStore|iPhoneSimulator.Deploy.0 = Debug|Any CPU
		{DE8BB608-918C-45C3-900C-6767B92FB45D}.Debug|Any CPU.ActiveCfg = Debug|Any CPU
		{DE8BB608-918C-45C3-900C-6767B92FB45D}.Debug|Any CPU.Build.0 = Debug|Any CPU
		{DE8BB608-918C-45C3-900C-6767B92FB45D}.Debug|Any CPU.Deploy.0 = Debug|Any CPU
		{DE8BB608-918C-45C3-900C-6767B92FB45D}.Debug|iPhone.ActiveCfg = Debug|Any CPU
		{DE8BB608-918C-45C3-900C-6767B92FB45D}.Debug|iPhone.Build.0 = Debug|Any CPU
		{DE8BB608-918C-45C3-900C-6767B92FB45D}.Debug|iPhone.Deploy.0 = Debug|Any CPU
		{DE8BB608-918C-45C3-900C-6767B92FB45D}.Debug|iPhoneSimulator.ActiveCfg = Debug|Any CPU
		{DE8BB608-918C-45C3-900C-6767B92FB45D}.Debug|iPhoneSimulator.Build.0 = Debug|Any CPU
		{DE8BB608-918C-45C3-900C-6767B92FB45D}.Debug|iPhoneSimulator.Deploy.0 = Debug|Any CPU
		{DE8BB608-918C-45C3-900C-6767B92FB45D}.Release|Any CPU.ActiveCfg = Release|Any CPU
		{DE8BB608-918C-45C3-900C-6767B92FB45D}.Release|Any CPU.Build.0 = Release|Any CPU
		{DE8BB608-918C-45C3-900C-6767B92FB45D}.Release|Any CPU.Deploy.0 = Release|Any CPU
		{DE8BB608-918C-45C3-900C-6767B92FB45D}.Release|iPhone.ActiveCfg = Release|Any CPU
		{DE8BB608-918C-45C3-900C-6767B92FB45D}.Release|iPhone.Build.0 = Release|Any CPU
		{DE8BB608-918C-45C3-900C-6767B92FB45D}.Release|iPhone.Deploy.0 = Release|Any CPU
		{DE8BB608-918C-45C3-900C-6767B92FB45D}.Release|iPhoneSimulator.ActiveCfg = Release|Any CPU
		{DE8BB608-918C-45C3-900C-6767B92FB45D}.Release|iPhoneSimulator.Build.0 = Release|Any CPU
		{DE8BB608-918C-45C3-900C-6767B92FB45D}.Release|iPhoneSimulator.Deploy.0 = Release|Any CPU
	EndGlobalSection
	GlobalSection(SolutionProperties) = preSolution
		HideSolutionNode = FALSE
	EndGlobalSection
	GlobalSection(ExtensibilityGlobals) = postSolution
		SolutionGuid = {F0C03324-D00E-41E8-8E08-3E83FEC0ED45}
	EndGlobalSection
EndGlobal
